# This file was autogenerated by Stack.
# You should not edit this file by hand.
# For more information, please see the documentation at:
#   https://docs.haskellstack.org/en/stable/lock_files

packages:
- completed:
    hackage: servant-github-webhook-0.4.1.0@sha256:6ac456ccc6a2a96b30a7b80cd91b121f1b7e9bd33635641a6afbd6137700a753,2754
    pantry-tree:
      size: 576
      sha256: f00112fb96ffe1caa7076a466868af0b47eed0ffea92792b3cde5a5e369a7005
  original:
    hackage: servant-github-webhook-0.4.1.0
snapshots:
- completed:
    size: 507344
    url: https://raw.githubusercontent.com/commercialhaskell/stackage-snapshots/master/lts/11/5.yaml
    sha256: a95cf9e057426149f3f69054edb3b62630d8ac39e38b34cd6035b769ca3085f9
  original: lts-11.5
