# This file was autogenerated by Stack.
# You should not edit this file by hand.
# For more information, please see the documentation at:
#   https://docs.haskellstack.org/en/stable/lock_files

packages: []
snapshots:
- completed:
    size: 507344
    url: https://raw.githubusercontent.com/commercialhaskell/stackage-snapshots/master/lts/11/5.yaml
    sha256: a95cf9e057426149f3f69054edb3b62630d8ac39e38b34cd6035b769ca3085f9
  original: lts-11.5
